
Microsoft Visual Studio Solution File, Format Version 12.00
# Visual Studio Version 16
VisualStudioVersion = 16.0.31402.337
MinimumVisualStudioVersion = 10.0.40219.1
Project("{FAE04EC0-301F-11D3-BF4B-00C04F79EFBC}") = "KudMVCapp2", "KudMVCapp2\KudMVCapp2.csproj", "{A74E51AA-F060-4936-B4C6-F5DADDE443B1}"
EndProject
Project("{FAE04EC0-301F-11D3-BF4B-00C04F79EFBC}") = "BusinessLayer", "BusinessLayer\BusinessLayer.csproj", "{834E2599-14DF-468B-9A24-CE6D3647CFCC}"
EndProject
Global
	GlobalSection(SolutionConfigurationPlatforms) = preSolution
		Debug|Any CPU = Debug|Any CPU
		Release|Any CPU = Release|Any CPU
	EndGlobalSection
	GlobalSection(ProjectConfigurationPlatforms) = postSolution
		{A74E51AA-F060-4936-B4C6-F5DADDE443B1}.Debug|Any CPU.ActiveCfg = Debug|Any CPU
		{A74E51AA-F060-4936-B4C6-F5DADDE443B1}.Debug|Any CPU.Build.0 = Debug|Any CPU
		{A74E51AA-F060-4936-B4C6-F5DADDE443B1}.Release|Any CPU.ActiveCfg = Release|Any CPU
		{A74E51AA-F060-4936-B4C6-F5DADDE443B1}.Release|Any CPU.Build.0 = Release|Any CPU
		{834E2599-14DF-468B-9A24-CE6D3647CFCC}.Debug|Any CPU.ActiveCfg = Debug|Any CPU
		{834E2599-14DF-468B-9A24-CE6D3647CFCC}.Debug|Any CPU.Build.0 = Debug|Any CPU
		{834E2599-14DF-468B-9A24-CE6D3647CFCC}.Release|Any CPU.ActiveCfg = Release|Any CPU
		{834E2599-14DF-468B-9A24-CE6D3647CFCC}.Release|Any CPU.Build.0 = Release|Any CPU
	EndGlobalSection
	GlobalSection(SolutionProperties) = preSolution
		HideSolutionNode = FALSE
	EndGlobalSection
	GlobalSection(ExtensibilityGlobals) = postSolution
		SolutionGuid = {8E81A11B-DF5F-492F-9443-4B13256C1FF2}
	EndGlobalSection
EndGlobal
